// !$*UTF8*$!
{
	archiveVersion = 1;
	classes = {
	};
	objectVersion = 56;
	objects = {

/* Begin PBXBuildFile section */
		823E90EC2B51700100B8F31D /* AppDelegate.swift in Sources */ = {isa = PBXBuildFile; fileRef = 823E90EB2B51700100B8F31D /* AppDelegate.swift */; };
		823E90EE2B51700100B8F31D /* SceneDelegate.swift in Sources */ = {isa = PBXBuildFile; fileRef = 823E90ED2B51700100B8F31D /* SceneDelegate.swift */; };
		823E90F52B51700600B8F31D /* Assets.xcassets in Resources */ = {isa = PBXBuildFile; fileRef = 823E90F42B51700600B8F31D /* Assets.xcassets */; };
		823E90F82B51700600B8F31D /* LaunchScreen.storyboard in Resources */ = {isa = PBXBuildFile; fileRef = 823E90F62B51700600B8F31D /* LaunchScreen.storyboard */; };
		823E91032B51700600B8F31D /* FoodAppTests.swift in Sources */ = {isa = PBXBuildFile; fileRef = 823E91022B51700600B8F31D /* FoodAppTests.swift */; };
		823E910D2B51700600B8F31D /* FoodAppUITests.swift in Sources */ = {isa = PBXBuildFile; fileRef = 823E910C2B51700600B8F31D /* FoodAppUITests.swift */; };
		823E910F2B51700600B8F31D /* FoodAppUITestsLaunchTests.swift in Sources */ = {isa = PBXBuildFile; fileRef = 823E910E2B51700600B8F31D /* FoodAppUITestsLaunchTests.swift */; };
		823E91212B51760C00B8F31D /* MainViewController.swift in Sources */ = {isa = PBXBuildFile; fileRef = 823E911F2B51760C00B8F31D /* MainViewController.swift */; };
		823E91222B51760C00B8F31D /* MainViewController.xib in Resources */ = {isa = PBXBuildFile; fileRef = 823E91202B51760C00B8F31D /* MainViewController.xib */; };
		823E91252B51775400B8F31D /* MainPresenter.swift in Sources */ = {isa = PBXBuildFile; fileRef = 823E91242B51775400B8F31D /* MainPresenter.swift */; };
		823E91292B51874D00B8F31D /* PromoCollectionViewCell.swift in Sources */ = {isa = PBXBuildFile; fileRef = 823E91272B51874D00B8F31D /* PromoCollectionViewCell.swift */; };
		823E912A2B51874D00B8F31D /* PromoCollectionViewCell.xib in Resources */ = {isa = PBXBuildFile; fileRef = 823E91282B51874D00B8F31D /* PromoCollectionViewCell.xib */; };
		823E913A2B52FF7900B8F31D /* ChoiseCollectionViewCell.swift in Sources */ = {isa = PBXBuildFile; fileRef = 823E91382B52FF7900B8F31D /* ChoiseCollectionViewCell.swift */; };
		823E913B2B52FF7900B8F31D /* ChoiseCollectionViewCell.xib in Resources */ = {isa = PBXBuildFile; fileRef = 823E91392B52FF7900B8F31D /* ChoiseCollectionViewCell.xib */; };
		823E913F2B5353EA00B8F31D /* TableViewCell.swift in Sources */ = {isa = PBXBuildFile; fileRef = 823E913D2B5353EA00B8F31D /* TableViewCell.swift */; };
		823E91402B5353EA00B8F31D /* TableViewCell.xib in Resources */ = {isa = PBXBuildFile; fileRef = 823E913E2B5353EA00B8F31D /* TableViewCell.xib */; };
		823E91442B53FDA200B8F31D /* NetworkService.swift in Sources */ = {isa = PBXBuildFile; fileRef = 823E91432B53FDA200B8F31D /* NetworkService.swift */; };
		823E91462B53FDC600B8F31D /* Dish.swift in Sources */ = {isa = PBXBuildFile; fileRef = 823E91452B53FDC600B8F31D /* Dish.swift */; };
/* End PBXBuildFile section */

/* Begin PBXContainerItemProxy section */
		823E90FF2B51700600B8F31D /* PBXContainerItemProxy */ = {
			isa = PBXContainerItemProxy;
			containerPortal = 823E90E02B51700100B8F31D /* Project object */;
			proxyType = 1;
			remoteGlobalIDString = 823E90E72B51700100B8F31D;
			remoteInfo = FoodApp;
		};
		823E91092B51700600B8F31D /* PBXContainerItemProxy */ = {
			isa = PBXContainerItemProxy;
			containerPortal = 823E90E02B51700100B8F31D /* Project object */;
			proxyType = 1;
			remoteGlobalIDString = 823E90E72B51700100B8F31D;
			remoteInfo = FoodApp;
		};
/* End PBXContainerItemProxy section */

/* Begin PBXFileReference section */
		823E90E82B51700100B8F31D /* FoodApp.app */ = {isa = PBXFileReference; explicitFileType = wrapper.application; includeInIndex = 0; path = FoodApp.app; sourceTree = BUILT_PRODUCTS_DIR; };
		823E90EB2B51700100B8F31D /* AppDelegate.swift */ = {isa = PBXFileReference; lastKnownFileType = sourcecode.swift; path = AppDelegate.swift; sourceTree = "<group>"; };
		823E90ED2B51700100B8F31D /* SceneDelegate.swift */ = {isa = PBXFileReference; lastKnownFileType = sourcecode.swift; path = SceneDelegate.swift; sourceTree = "<group>"; };
		823E90F42B51700600B8F31D /* Assets.xcassets */ = {isa = PBXFileReference; lastKnownFileType = folder.assetcatalog; path = Assets.xcassets; sourceTree = "<group>"; };
		823E90F72B51700600B8F31D /* Base */ = {isa = PBXFileReference; lastKnownFileType = file.storyboard; name = Base; path = Base.lproj/LaunchScreen.storyboard; sourceTree = "<group>"; };
		823E90F92B51700600B8F31D /* Info.plist */ = {isa = PBXFileReference; lastKnownFileType = text.plist.xml; path = Info.plist; sourceTree = "<group>"; };
		823E90FE2B51700600B8F31D /* FoodAppTests.xctest */ = {isa = PBXFileReference; explicitFileType = wrapper.cfbundle; includeInIndex = 0; path = FoodAppTests.xctest; sourceTree = BUILT_PRODUCTS_DIR; };
		823E91022B51700600B8F31D /* FoodAppTests.swift */ = {isa = PBXFileReference; lastKnownFileType = sourcecode.swift; path = FoodAppTests.swift; sourceTree = "<group>"; };
		823E91082B51700600B8F31D /* FoodAppUITests.xctest */ = {isa = PBXFileReference; explicitFileType = wrapper.cfbundle; includeInIndex = 0; path = FoodAppUITests.xctest; sourceTree = BUILT_PRODUCTS_DIR; };
		823E910C2B51700600B8F31D /* FoodAppUITests.swift */ = {isa = PBXFileReference; lastKnownFileType = sourcecode.swift; path = FoodAppUITests.swift; sourceTree = "<group>"; };
		823E910E2B51700600B8F31D /* FoodAppUITestsLaunchTests.swift */ = {isa = PBXFileReference; lastKnownFileType = sourcecode.swift; path = FoodAppUITestsLaunchTests.swift; sourceTree = "<group>"; };
		823E911F2B51760C00B8F31D /* MainViewController.swift */ = {isa = PBXFileReference; lastKnownFileType = sourcecode.swift; path = MainViewController.swift; sourceTree = "<group>"; };
		823E91202B51760C00B8F31D /* MainViewController.xib */ = {isa = PBXFileReference; lastKnownFileType = file.xib; path = MainViewController.xib; sourceTree = "<group>"; };
		823E91242B51775400B8F31D /* MainPresenter.swift */ = {isa = PBXFileReference; lastKnownFileType = sourcecode.swift; path = MainPresenter.swift; sourceTree = "<group>"; };
		823E91272B51874D00B8F31D /* PromoCollectionViewCell.swift */ = {isa = PBXFileReference; lastKnownFileType = sourcecode.swift; path = PromoCollectionViewCell.swift; sourceTree = "<group>"; };
		823E91282B51874D00B8F31D /* PromoCollectionViewCell.xib */ = {isa = PBXFileReference; lastKnownFileType = file.xib; path = PromoCollectionViewCell.xib; sourceTree = "<group>"; };
		823E91382B52FF7900B8F31D /* ChoiseCollectionViewCell.swift */ = {isa = PBXFileReference; lastKnownFileType = sourcecode.swift; path = ChoiseCollectionViewCell.swift; sourceTree = "<group>"; };
		823E91392B52FF7900B8F31D /* ChoiseCollectionViewCell.xib */ = {isa = PBXFileReference; lastKnownFileType = file.xib; path = ChoiseCollectionViewCell.xib; sourceTree = "<group>"; };
		823E913D2B5353EA00B8F31D /* TableViewCell.swift */ = {isa = PBXFileReference; lastKnownFileType = sourcecode.swift; path = TableViewCell.swift; sourceTree = "<group>"; };
		823E913E2B5353EA00B8F31D /* TableViewCell.xib */ = {isa = PBXFileReference; lastKnownFileType = file.xib; path = TableViewCell.xib; sourceTree = "<group>"; };
		823E91432B53FDA200B8F31D /* NetworkService.swift */ = {isa = PBXFileReference; lastKnownFileType = sourcecode.swift; path = NetworkService.swift; sourceTree = "<group>"; };
		823E91452B53FDC600B8F31D /* Dish.swift */ = {isa = PBXFileReference; lastKnownFileType = sourcecode.swift; path = Dish.swift; sourceTree = "<group>"; };
/* End PBXFileReference section */

/* Begin PBXFrameworksBuildPhase section */
		823E90E52B51700100B8F31D /* Frameworks */ = {
			isa = PBXFrameworksBuildPhase;
			buildActionMask = 2147483647;
			files = (
			);
			runOnlyForDeploymentPostprocessing = 0;
		};
		823E90FB2B51700600B8F31D /* Frameworks */ = {
			isa = PBXFrameworksBuildPhase;
			buildActionMask = 2147483647;
			files = (
			);
			runOnlyForDeploymentPostprocessing = 0;
		};
		823E91052B51700600B8F31D /* Frameworks */ = {
			isa = PBXFrameworksBuildPhase;
			buildActionMask = 2147483647;
			files = (
			);
			runOnlyForDeploymentPostprocessing = 0;
		};
/* End PBXFrameworksBuildPhase section */

/* Begin PBXGroup section */
		823E90DF2B51700100B8F31D = {
			isa = PBXGroup;
			children = (
				823E90EA2B51700100B8F31D /* FoodApp */,
				823E91012B51700600B8F31D /* FoodAppTests */,
				823E910B2B51700600B8F31D /* FoodAppUITests */,
				823E90E92B51700100B8F31D /* Products */,
			);
			sourceTree = "<group>";
		};
		823E90E92B51700100B8F31D /* Products */ = {
			isa = PBXGroup;
			children = (
				823E90E82B51700100B8F31D /* FoodApp.app */,
				823E90FE2B51700600B8F31D /* FoodAppTests.xctest */,
				823E91082B51700600B8F31D /* FoodAppUITests.xctest */,
			);
			name = Products;
			sourceTree = "<group>";
		};
		823E90EA2B51700100B8F31D /* FoodApp */ = {
			isa = PBXGroup;
			children = (
				823E911B2B51715B00B8F31D /* MainModule */,
				823E90EB2B51700100B8F31D /* AppDelegate.swift */,
				823E90ED2B51700100B8F31D /* SceneDelegate.swift */,
				823E90F42B51700600B8F31D /* Assets.xcassets */,
				823E90F62B51700600B8F31D /* LaunchScreen.storyboard */,
				823E90F92B51700600B8F31D /* Info.plist */,
			);
			path = FoodApp;
			sourceTree = "<group>";
		};
		823E91012B51700600B8F31D /* FoodAppTests */ = {
			isa = PBXGroup;
			children = (
				823E91022B51700600B8F31D /* FoodAppTests.swift */,
			);
			path = FoodAppTests;
			sourceTree = "<group>";
		};
		823E910B2B51700600B8F31D /* FoodAppUITests */ = {
			isa = PBXGroup;
			children = (
				823E910C2B51700600B8F31D /* FoodAppUITests.swift */,
				823E910E2B51700600B8F31D /* FoodAppUITestsLaunchTests.swift */,
			);
			path = FoodAppUITests;
			sourceTree = "<group>";
		};
		823E911B2B51715B00B8F31D /* MainModule */ = {
			isa = PBXGroup;
			children = (
				823E91412B53FD7A00B8F31D /* ServiceLayer */,
				823E911E2B51718F00B8F31D /* Presenter */,
				823E911D2B51718800B8F31D /* View */,
				823E911C2B51717F00B8F31D /* Model */,
			);
			path = MainModule;
			sourceTree = "<group>";
		};
		823E911C2B51717F00B8F31D /* Model */ = {
			isa = PBXGroup;
			children = (
				823E91452B53FDC600B8F31D /* Dish.swift */,
			);
			path = Model;
			sourceTree = "<group>";
		};
		823E911D2B51718800B8F31D /* View */ = {
			isa = PBXGroup;
			children = (
				823E91262B51870300B8F31D /* Cell */,
				823E911F2B51760C00B8F31D /* MainViewController.swift */,
				823E91202B51760C00B8F31D /* MainViewController.xib */,
			);
			path = View;
			sourceTree = "<group>";
		};
		823E911E2B51718F00B8F31D /* Presenter */ = {
			isa = PBXGroup;
			children = (
				823E91242B51775400B8F31D /* MainPresenter.swift */,
			);
			path = Presenter;
			sourceTree = "<group>";
		};
		823E91262B51870300B8F31D /* Cell */ = {
			isa = PBXGroup;
			children = (
				823E913C2B5353AA00B8F31D /* TableCell */,
				823E912F2B52EEBD00B8F31D /* ChoiceCell */,
				823E912E2B52ED7D00B8F31D /* PromoCell */,
			);
			path = Cell;
			sourceTree = "<group>";
		};
		823E912E2B52ED7D00B8F31D /* PromoCell */ = {
			isa = PBXGroup;
			children = (
				823E91272B51874D00B8F31D /* PromoCollectionViewCell.swift */,
				823E91282B51874D00B8F31D /* PromoCollectionViewCell.xib */,
			);
			path = PromoCell;
			sourceTree = "<group>";
		};
		823E912F2B52EEBD00B8F31D /* ChoiceCell */ = {
			isa = PBXGroup;
			children = (
				823E91382B52FF7900B8F31D /* ChoiseCollectionViewCell.swift */,
				823E91392B52FF7900B8F31D /* ChoiseCollectionViewCell.xib */,
			);
			path = ChoiceCell;
			sourceTree = "<group>";
		};
		823E913C2B5353AA00B8F31D /* TableCell */ = {
			isa = PBXGroup;
			children = (
				823E913D2B5353EA00B8F31D /* TableViewCell.swift */,
				823E913E2B5353EA00B8F31D /* TableViewCell.xib */,
			);
			path = TableCell;
			sourceTree = "<group>";
		};
		823E91412B53FD7A00B8F31D /* ServiceLayer */ = {
			isa = PBXGroup;
			children = (
				823E91432B53FDA200B8F31D /* NetworkService.swift */,
			);
			path = ServiceLayer;
			sourceTree = "<group>";
		};
/* End PBXGroup section */

/* Begin PBXNativeTarget section */
		823E90E72B51700100B8F31D /* FoodApp */ = {
			isa = PBXNativeTarget;
			buildConfigurationList = 823E91122B51700600B8F31D /* Build configuration list for PBXNativeTarget "FoodApp" */;
			buildPhases = (
				823E90E42B51700100B8F31D /* Sources */,
				823E90E52B51700100B8F31D /* Frameworks */,
				823E90E62B51700100B8F31D /* Resources */,
			);
			buildRules = (
			);
			dependencies = (
			);
			name = FoodApp;
			productName = FoodApp;
			productReference = 823E90E82B51700100B8F31D /* FoodApp.app */;
			productType = "com.apple.product-type.application";
		};
		823E90FD2B51700600B8F31D /* FoodAppTests */ = {
			isa = PBXNativeTarget;
			buildConfigurationList = 823E91152B51700600B8F31D /* Build configuration list for PBXNativeTarget "FoodAppTests" */;
			buildPhases = (
				823E90FA2B51700600B8F31D /* Sources */,
				823E90FB2B51700600B8F31D /* Frameworks */,
				823E90FC2B51700600B8F31D /* Resources */,
			);
			buildRules = (
			);
			dependencies = (
				823E91002B51700600B8F31D /* PBXTargetDependency */,
			);
			name = FoodAppTests;
			productName = FoodAppTests;
			productReference = 823E90FE2B51700600B8F31D /* FoodAppTests.xctest */;
			productType = "com.apple.product-type.bundle.unit-test";
		};
		823E91072B51700600B8F31D /* FoodAppUITests */ = {
			isa = PBXNativeTarget;
			buildConfigurationList = 823E91182B51700600B8F31D /* Build configuration list for PBXNativeTarget "FoodAppUITests" */;
			buildPhases = (
				823E91042B51700600B8F31D /* Sources */,
				823E91052B51700600B8F31D /* Frameworks */,
				823E91062B51700600B8F31D /* Resources */,
			);
			buildRules = (
			);
			dependencies = (
				823E910A2B51700600B8F31D /* PBXTargetDependency */,
			);
			name = FoodAppUITests;
			productName = FoodAppUITests;
			productReference = 823E91082B51700600B8F31D /* FoodAppUITests.xctest */;
			productType = "com.apple.product-type.bundle.ui-testing";
		};
/* End PBXNativeTarget section */

/* Begin PBXProject section */
		823E90E02B51700100B8F31D /* Project object */ = {
			isa = PBXProject;
			attributes = {
				BuildIndependentTargetsInParallel = 1;
				LastSwiftUpdateCheck = 1430;
				LastUpgradeCheck = 1430;
				TargetAttributes = {
					823E90E72B51700100B8F31D = {
						CreatedOnToolsVersion = 14.3.1;
					};
					823E90FD2B51700600B8F31D = {
						CreatedOnToolsVersion = 14.3.1;
						TestTargetID = 823E90E72B51700100B8F31D;
					};
					823E91072B51700600B8F31D = {
						CreatedOnToolsVersion = 14.3.1;
						TestTargetID = 823E90E72B51700100B8F31D;
					};
				};
			};
			buildConfigurationList = 823E90E32B51700100B8F31D /* Build configuration list for PBXProject "FoodApp" */;
			compatibilityVersion = "Xcode 14.0";
			developmentRegion = en;
			hasScannedForEncodings = 0;
			knownRegions = (
				en,
				Base,
			);
			mainGroup = 823E90DF2B51700100B8F31D;
			productRefGroup = 823E90E92B51700100B8F31D /* Products */;
			projectDirPath = "";
			projectRoot = "";
			targets = (
				823E90E72B51700100B8F31D /* FoodApp */,
				823E90FD2B51700600B8F31D /* FoodAppTests */,
				823E91072B51700600B8F31D /* FoodAppUITests */,
			);
		};
/* End PBXProject section */

/* Begin PBXResourcesBuildPhase section */
		823E90E62B51700100B8F31D /* Resources */ = {
			isa = PBXResourcesBuildPhase;
			buildActionMask = 2147483647;
			files = (
				823E912A2B51874D00B8F31D /* PromoCollectionViewCell.xib in Resources */,
				823E91402B5353EA00B8F31D /* TableViewCell.xib in Resources */,
				823E913B2B52FF7900B8F31D /* ChoiseCollectionViewCell.xib in Resources */,
				823E90F82B51700600B8F31D /* LaunchScreen.storyboard in Resources */,
				823E91222B51760C00B8F31D /* MainViewController.xib in Resources */,
				823E90F52B51700600B8F31D /* Assets.xcassets in Resources */,
			);
			runOnlyForDeploymentPostprocessing = 0;
		};
		823E90FC2B51700600B8F31D /* Resources */ = {
			isa = PBXResourcesBuildPhase;
			buildActionMask = 2147483647;
			files = (
			);
			runOnlyForDeploymentPostprocessing = 0;
		};
		823E91062B51700600B8F31D /* Resources */ = {
			isa = PBXResourcesBuildPhase;
			buildActionMask = 2147483647;
			files = (
			);
			runOnlyForDeploymentPostprocessing = 0;
		};
/* End PBXResourcesBuildPhase section */

/* Begin PBXSourcesBuildPhase section */
		823E90E42B51700100B8F31D /* Sources */ = {
			isa = PBXSourcesBuildPhase;
			buildActionMask = 2147483647;
			files = (
				823E91212B51760C00B8F31D /* MainViewController.swift in Sources */,
				823E91292B51874D00B8F31D /* PromoCollectionViewCell.swift in Sources */,
				823E91442B53FDA200B8F31D /* NetworkService.swift in Sources */,
				823E90EC2B51700100B8F31D /* AppDelegate.swift in Sources */,
				823E913A2B52FF7900B8F31D /* ChoiseCollectionViewCell.swift in Sources */,
				823E90EE2B51700100B8F31D /* SceneDelegate.swift in Sources */,
				823E91462B53FDC600B8F31D /* Dish.swift in Sources */,
				823E913F2B5353EA00B8F31D /* TableViewCell.swift in Sources */,
				823E91252B51775400B8F31D /* MainPresenter.swift in Sources */,
			);
			runOnlyForDeploymentPostprocessing = 0;
		};
		823E90FA2B51700600B8F31D /* Sources */ = {
			isa = PBXSourcesBuildPhase;
			buildActionMask = 2147483647;
			files = (
				823E91032B51700600B8F31D /* FoodAppTests.swift in Sources */,
			);
			runOnlyForDeploymentPostprocessing = 0;
		};
		823E91042B51700600B8F31D /* Sources */ = {
			isa = PBXSourcesBuildPhase;
			buildActionMask = 2147483647;
			files = (
				823E910F2B51700600B8F31D /* FoodAppUITestsLaunchTests.swift in Sources */,
				823E910D2B51700600B8F31D /* FoodAppUITests.swift in Sources */,
			);
			runOnlyForDeploymentPostprocessing = 0;
		};
/* End PBXSourcesBuildPhase section */

/* Begin PBXTargetDependency section */
		823E91002B51700600B8F31D /* PBXTargetDependency */ = {
			isa = PBXTargetDependency;
			target = 823E90E72B51700100B8F31D /* FoodApp */;
			targetProxy = 823E90FF2B51700600B8F31D /* PBXContainerItemProxy */;
		};
		823E910A2B51700600B8F31D /* PBXTargetDependency */ = {
			isa = PBXTargetDependency;
			target = 823E90E72B51700100B8F31D /* FoodApp */;
			targetProxy = 823E91092B51700600B8F31D /* PBXContainerItemProxy */;
		};
/* End PBXTargetDependency section */

/* Begin PBXVariantGroup section */
		823E90F62B51700600B8F31D /* LaunchScreen.storyboard */ = {
			isa = PBXVariantGroup;
			children = (
				823E90F72B51700600B8F31D /* Base */,
			);
			name = LaunchScreen.storyboard;
			sourceTree = "<group>";
		};
/* End PBXVariantGroup section */

/* Begin XCBuildConfiguration section */
		823E91102B51700600B8F31D /* Debug */ = {
			isa = XCBuildConfiguration;
			buildSettings = {
				ALWAYS_SEARCH_USER_PATHS = NO;
				CLANG_ANALYZER_NONNULL = YES;
				CLANG_ANALYZER_NUMBER_OBJECT_CONVERSION = YES_AGGRESSIVE;
				CLANG_CXX_LANGUAGE_STANDARD = "gnu++20";
				CLANG_ENABLE_MODULES = YES;
				CLANG_ENABLE_OBJC_ARC = YES;
				CLANG_ENABLE_OBJC_WEAK = YES;
				CLANG_WARN_BLOCK_CAPTURE_AUTORELEASING = YES;
				CLANG_WARN_BOOL_CONVERSION = YES;
				CLANG_WARN_COMMA = YES;
				CLANG_WARN_CONSTANT_CONVERSION = YES;
				CLANG_WARN_DEPRECATED_OBJC_IMPLEMENTATIONS = YES;
				CLANG_WARN_DIRECT_OBJC_ISA_USAGE = YES_ERROR;
				CLANG_WARN_DOCUMENTATION_COMMENTS = YES;
				CLANG_WARN_EMPTY_BODY = YES;
				CLANG_WARN_ENUM_CONVERSION = YES;
				CLANG_WARN_INFINITE_RECURSION = YES;
				CLANG_WARN_INT_CONVERSION = YES;
				CLANG_WARN_NON_LITERAL_NULL_CONVERSION = YES;
				CLANG_WARN_OBJC_IMPLICIT_RETAIN_SELF = YES;
				CLANG_WARN_OBJC_LITERAL_CONVERSION = YES;
				CLANG_WARN_OBJC_ROOT_CLASS = YES_ERROR;
				CLANG_WARN_QUOTED_INCLUDE_IN_FRAMEWORK_HEADER = YES;
				CLANG_WARN_RANGE_LOOP_ANALYSIS = YES;
				CLANG_WARN_STRICT_PROTOTYPES = YES;
				CLANG_WARN_SUSPICIOUS_MOVE = YES;
				CLANG_WARN_UNGUARDED_AVAILABILITY = YES_AGGRESSIVE;
				CLANG_WARN_UNREACHABLE_CODE = YES;
				CLANG_WARN__DUPLICATE_METHOD_MATCH = YES;
				COPY_PHASE_STRIP = NO;
				DEBUG_INFORMATION_FORMAT = dwarf;
				ENABLE_STRICT_OBJC_MSGSEND = YES;
				ENABLE_TESTABILITY = YES;
				GCC_C_LANGUAGE_STANDARD = gnu11;
				GCC_DYNAMIC_NO_PIC = NO;
				GCC_NO_COMMON_BLOCKS = YES;
				GCC_OPTIMIZATION_LEVEL = 0;
				GCC_PREPROCESSOR_DEFINITIONS = (
					"DEBUG=1",
					"$(inherited)",
				);
				GCC_WARN_64_TO_32_BIT_CONVERSION = YES;
				GCC_WARN_ABOUT_RETURN_TYPE = YES_ERROR;
				GCC_WARN_UNDECLARED_SELECTOR = YES;
				GCC_WARN_UNINITIALIZED_AUTOS = YES_AGGRESSIVE;
				GCC_WARN_UNUSED_FUNCTION = YES;
				GCC_WARN_UNUSED_VARIABLE = YES;
				IPHONEOS_DEPLOYMENT_TARGET = 16.4;
				MTL_ENABLE_DEBUG_INFO = INCLUDE_SOURCE;
				MTL_FAST_MATH = YES;
				ONLY_ACTIVE_ARCH = YES;
				SDKROOT = iphoneos;
				SWIFT_ACTIVE_COMPILATION_CONDITIONS = DEBUG;
				SWIFT_OPTIMIZATION_LEVEL = "-Onone";
			};
			name = Debug;
		};
		823E91112B51700600B8F31D /* Release */ = {
			isa = XCBuildConfiguration;
			buildSettings = {
				ALWAYS_SEARCH_USER_PATHS = NO;
				CLANG_ANALYZER_NONNULL = YES;
				CLANG_ANALYZER_NUMBER_OBJECT_CONVERSION = YES_AGGRESSIVE;
				CLANG_CXX_LANGUAGE_STANDARD = "gnu++20";
				CLANG_ENABLE_MODULES = YES;
				CLANG_ENABLE_OBJC_ARC = YES;
				CLANG_ENABLE_OBJC_WEAK = YES;
				CLANG_WARN_BLOCK_CAPTURE_AUTORELEASING = YES;
				CLANG_WARN_BOOL_CONVERSION = YES;
				CLANG_WARN_COMMA = YES;
				CLANG_WARN_CONSTANT_CONVERSION = YES;
				CLANG_WARN_DEPRECATED_OBJC_IMPLEMENTATIONS = YES;
				CLANG_WARN_DIRECT_OBJC_ISA_USAGE = YES_ERROR;
				CLANG_WARN_DOCUMENTATION_COMMENTS = YES;
				CLANG_WARN_EMPTY_BODY = YES;
				CLANG_WARN_ENUM_CONVERSION = YES;
				CLANG_WARN_INFINITE_RECURSION = YES;
				CLANG_WARN_INT_CONVERSION = YES;
				CLANG_WARN_NON_LITERAL_NULL_CONVERSION = YES;
				CLANG_WARN_OBJC_IMPLICIT_RETAIN_SELF = YES;
				CLANG_WARN_OBJC_LITERAL_CONVERSION = YES;
				CLANG_WARN_OBJC_ROOT_CLASS = YES_ERROR;
				CLANG_WARN_QUOTED_INCLUDE_IN_FRAMEWORK_HEADER = YES;
				CLANG_WARN_RANGE_LOOP_ANALYSIS = YES;
				CLANG_WARN_STRICT_PROTOTYPES = YES;
				CLANG_WARN_SUSPICIOUS_MOVE = YES;
				CLANG_WARN_UNGUARDED_AVAILABILITY = YES_AGGRESSIVE;
				CLANG_WARN_UNREACHABLE_CODE = YES;
				CLANG_WARN__DUPLICATE_METHOD_MATCH = YES;
				COPY_PHASE_STRIP = NO;
				DEBUG_INFORMATION_FORMAT = "dwarf-with-dsym";
				ENABLE_NS_ASSERTIONS = NO;
				ENABLE_STRICT_OBJC_MSGSEND = YES;
				GCC_C_LANGUAGE_STANDARD = gnu11;
				GCC_NO_COMMON_BLOCKS = YES;
				GCC_WARN_64_TO_32_BIT_CONVERSION = YES;
				GCC_WARN_ABOUT_RETURN_TYPE = YES_ERROR;
				GCC_WARN_UNDECLARED_SELECTOR = YES;
				GCC_WARN_UNINITIALIZED_AUTOS = YES_AGGRESSIVE;
				GCC_WARN_UNUSED_FUNCTION = YES;
				GCC_WARN_UNUSED_VARIABLE = YES;
				IPHONEOS_DEPLOYMENT_TARGET = 16.4;
				MTL_ENABLE_DEBUG_INFO = NO;
				MTL_FAST_MATH = YES;
				SDKROOT = iphoneos;
				SWIFT_COMPILATION_MODE = wholemodule;
				SWIFT_OPTIMIZATION_LEVEL = "-O";
				VALIDATE_PRODUCT = YES;
			};
			name = Release;
		};
		823E91132B51700600B8F31D /* Debug */ = {
			isa = XCBuildConfiguration;
			buildSettings = {
				ASSETCATALOG_COMPILER_APPICON_NAME = AppIcon;
				ASSETCATALOG_COMPILER_GLOBAL_ACCENT_COLOR_NAME = AccentColor;
				CODE_SIGN_STYLE = Automatic;
				CURRENT_PROJECT_VERSION = 1;
				GENERATE_INFOPLIST_FILE = YES;
				INFOPLIST_FILE = FoodApp/Info.plist;
				INFOPLIST_KEY_UIApplicationSupportsIndirectInputEvents = YES;
				INFOPLIST_KEY_UILaunchStoryboardName = LaunchScreen;
				INFOPLIST_KEY_UISupportedInterfaceOrientations_iPad = "UIInterfaceOrientationPortrait UIInterfaceOrientationPortraitUpsideDown UIInterfaceOrientationLandscapeLeft UIInterfaceOrientationLandscapeRight";
				INFOPLIST_KEY_UISupportedInterfaceOrientations_iPhone = "UIInterfaceOrientationPortrait UIInterfaceOrientationLandscapeLeft UIInterfaceOrientationLandscapeRight";
				LD_RUNPATH_SEARCH_PATHS = (
					"$(inherited)",
					"@executable_path/Frameworks",
				);
				MARKETING_VERSION = 1.0;
				PRODUCT_BUNDLE_IDENTIFIER = "ya-princ-ev.FoodApp";
				PRODUCT_NAME = "$(TARGET_NAME)";
				SWIFT_EMIT_LOC_STRINGS = YES;
				SWIFT_VERSION = 5.0;
				TARGETED_DEVICE_FAMILY = "1,2";
			};
			name = Debug;
		};
		823E91142B51700600B8F31D /* Release */ = {
			isa = XCBuildConfiguration;
			buildSettings = {
				ASSETCATALOG_COMPILER_APPICON_NAME = AppIcon;
				ASSETCATALOG_COMPILER_GLOBAL_ACCENT_COLOR_NAME = AccentColor;
				CODE_SIGN_STYLE = Automatic;
				CURRENT_PROJECT_VERSION = 1;
				GENERATE_INFOPLIST_FILE = YES;
				INFOPLIST_FILE = FoodApp/Info.plist;
				INFOPLIST_KEY_UIApplicationSupportsIndirectInputEvents = YES;
				INFOPLIST_KEY_UILaunchStoryboardName = LaunchScreen;
				INFOPLIST_KEY_UISupportedInterfaceOrientations_iPad = "UIInterfaceOrientationPortrait UIInterfaceOrientationPortraitUpsideDown UIInterfaceOrientationLandscapeLeft UIInterfaceOrientationLandscapeRight";
				INFOPLIST_KEY_UISupportedInterfaceOrientations_iPhone = "UIInterfaceOrientationPortrait UIInterfaceOrientationLandscapeLeft UIInterfaceOrientationLandscapeRight";
				LD_RUNPATH_SEARCH_PATHS = (
					"$(inherited)",
					"@executable_path/Frameworks",
				);
				MARKETING_VERSION = 1.0;
				PRODUCT_BUNDLE_IDENTIFIER = "ya-princ-ev.FoodApp";
				PRODUCT_NAME = "$(TARGET_NAME)";
				SWIFT_EMIT_LOC_STRINGS = YES;
				SWIFT_VERSION = 5.0;
				TARGETED_DEVICE_FAMILY = "1,2";
			};
			name = Release;
		};
		823E91162B51700600B8F31D /* Debug */ = {
			isa = XCBuildConfiguration;
			buildSettings = {
				ALWAYS_EMBED_SWIFT_STANDARD_LIBRARIES = YES;
				BUNDLE_LOADER = "$(TEST_HOST)";
				CODE_SIGN_STYLE = Automatic;
				CURRENT_PROJECT_VERSION = 1;
				GENERATE_INFOPLIST_FILE = YES;
				IPHONEOS_DEPLOYMENT_TARGET = 16.4;
				MARKETING_VERSION = 1.0;
				PRODUCT_BUNDLE_IDENTIFIER = "ya-princ-ev.FoodAppTests";
				PRODUCT_NAME = "$(TARGET_NAME)";
				SWIFT_EMIT_LOC_STRINGS = NO;
				SWIFT_VERSION = 5.0;
				TARGETED_DEVICE_FAMILY = "1,2";
				TEST_HOST = "$(BUILT_PRODUCTS_DIR)/FoodApp.app/$(BUNDLE_EXECUTABLE_FOLDER_PATH)/FoodApp";
			};
			name = Debug;
		};
		823E91172B51700600B8F31D /* Release */ = {
			isa = XCBuildConfiguration;
			buildSettings = {
				ALWAYS_EMBED_SWIFT_STANDARD_LIBRARIES = YES;
				BUNDLE_LOADER = "$(TEST_HOST)";
				CODE_SIGN_STYLE = Automatic;
				CURRENT_PROJECT_VERSION = 1;
				GENERATE_INFOPLIST_FILE = YES;
				IPHONEOS_DEPLOYMENT_TARGET = 16.4;
				MARKETING_VERSION = 1.0;
				PRODUCT_BUNDLE_IDENTIFIER = "ya-princ-ev.FoodAppTests";
				PRODUCT_NAME = "$(TARGET_NAME)";
				SWIFT_EMIT_LOC_STRINGS = NO;
				SWIFT_VERSION = 5.0;
				TARGETED_DEVICE_FAMILY = "1,2";
				TEST_HOST = "$(BUILT_PRODUCTS_DIR)/FoodApp.app/$(BUNDLE_EXECUTABLE_FOLDER_PATH)/FoodApp";
			};
			name = Release;
		};
		823E91192B51700600B8F31D /* Debug */ = {
			isa = XCBuildConfiguration;
			buildSettings = {
				ALWAYS_EMBED_SWIFT_STANDARD_LIBRARIES = YES;
				CODE_SIGN_STYLE = Automatic;
				CURRENT_PROJECT_VERSION = 1;
				GENERATE_INFOPLIST_FILE = YES;
				MARKETING_VERSION = 1.0;
				PRODUCT_BUNDLE_IDENTIFIER = "ya-princ-ev.FoodAppUITests";
				PRODUCT_NAME = "$(TARGET_NAME)";
				SWIFT_EMIT_LOC_STRINGS = NO;
				SWIFT_VERSION = 5.0;
				TARGETED_DEVICE_FAMILY = "1,2";
				TEST_TARGET_NAME = FoodApp;
			};
			name = Debug;
		};
		823E911A2B51700600B8F31D /* Release */ = {
			isa = XCBuildConfiguration;
			buildSettings = {
				ALWAYS_EMBED_SWIFT_STANDARD_LIBRARIES = YES;
				CODE_SIGN_STYLE = Automatic;
				CURRENT_PROJECT_VERSION = 1;
				GENERATE_INFOPLIST_FILE = YES;
				MARKETING_VERSION = 1.0;
				PRODUCT_BUNDLE_IDENTIFIER = "ya-princ-ev.FoodAppUITests";
				PRODUCT_NAME = "$(TARGET_NAME)";
				SWIFT_EMIT_LOC_STRINGS = NO;
				SWIFT_VERSION = 5.0;
				TARGETED_DEVICE_FAMILY = "1,2";
				TEST_TARGET_NAME = FoodApp;
			};
			name = Release;
		};
/* End XCBuildConfiguration section */

/* Begin XCConfigurationList section */
		823E90E32B51700100B8F31D /* Build configuration list for PBXProject "FoodApp" */ = {
			isa = XCConfigurationList;
			buildConfigurations = (
				823E91102B51700600B8F31D /* Debug */,
				823E91112B51700600B8F31D /* Release */,
			);
			defaultConfigurationIsVisible = 0;
			defaultConfigurationName = Release;
		};
		823E91122B51700600B8F31D /* Build configuration list for PBXNativeTarget "FoodApp" */ = {
			isa = XCConfigurationList;
			buildConfigurations = (
				823E91132B51700600B8F31D /* Debug */,
				823E91142B51700600B8F31D /* Release */,
			);
			defaultConfigurationIsVisible = 0;
			defaultConfigurationName = Release;
		};
		823E91152B51700600B8F31D /* Build configuration list for PBXNativeTarget "FoodAppTests" */ = {
			isa = XCConfigurationList;
			buildConfigurations = (
				823E91162B51700600B8F31D /* Debug */,
				823E91172B51700600B8F31D /* Release */,
			);
			defaultConfigurationIsVisible = 0;
			defaultConfigurationName = Release;
		};
		823E91182B51700600B8F31D /* Build configuration list for PBXNativeTarget "FoodAppUITests" */ = {
			isa = XCConfigurationList;
			buildConfigurations = (
				823E91192B51700600B8F31D /* Debug */,
				823E911A2B51700600B8F31D /* Release */,
			);
			defaultConfigurationIsVisible = 0;
			defaultConfigurationName = Release;
		};
/* End XCConfigurationList section */
	};
	rootObject = 823E90E02B51700100B8F31D /* Project object */;
}
